// !$*UTF8*$!
{
	archiveVersion = 1;
	classes = {
	};
	objectVersion = 46;
	objects = {

/* Begin PBXBuildFile section */
		810C62851B7EDA290055F93B /* main.m in Sources */ = {isa = PBXBuildFile; fileRef = 810C62841B7EDA290055F93B /* main.m */; };
		810C628E1B7EDA290055F93B /* Main.storyboard in Resources */ = {isa = PBXBuildFile; fileRef = 810C628C1B7EDA290055F93B /* Main.storyboard */; };
		810C62901B7EDA290055F93B /* Images.xcassets in Resources */ = {isa = PBXBuildFile; fileRef = 810C628F1B7EDA290055F93B /* Images.xcassets */; };
		810C62931B7EDA290055F93B /* LaunchScreen.xib in Resources */ = {isa = PBXBuildFile; fileRef = 810C62911B7EDA290055F93B /* LaunchScreen.xib */; };
		810C629F1B7EDA290055F93B /* HealthyITests.m in Sources */ = {isa = PBXBuildFile; fileRef = 810C629E1B7EDA290055F93B /* HealthyITests.m */; };
		810C62AA1B7EDAD60055F93B /* LoginViewController.m in Sources */ = {isa = PBXBuildFile; fileRef = 810C62A91B7EDAD60055F93B /* LoginViewController.m */; };
		819FAB9B1B7F3A5700A77FF3 /* RegisterViewController.m in Sources */ = {isa = PBXBuildFile; fileRef = 819FAB9A1B7F3A5700A77FF3 /* RegisterViewController.m */; };
		819FAB9D1B7F449800A77FF3 /* AppDelegate.m in Sources */ = {isa = PBXBuildFile; fileRef = 819FAB9C1B7F449800A77FF3 /* AppDelegate.m */; };
		819FABA31B8067DD00A77FF3 /* UIScrollView+UITouch.m in Sources */ = {isa = PBXBuildFile; fileRef = 819FABA21B8067DD00A77FF3 /* UIScrollView+UITouch.m */; };
		819FACFF1B81716000A77FF3 /* AFHTTPRequestOperation.m in Sources */ = {isa = PBXBuildFile; fileRef = 819FACED1B81716000A77FF3 /* AFHTTPRequestOperation.m */; };
		819FAD001B81716000A77FF3 /* AFHTTPRequestOperationManager.m in Sources */ = {isa = PBXBuildFile; fileRef = 819FACEF1B81716000A77FF3 /* AFHTTPRequestOperationManager.m */; };
		819FAD011B81716000A77FF3 /* AFHTTPSessionManager.m in Sources */ = {isa = PBXBuildFile; fileRef = 819FACF11B81716000A77FF3 /* AFHTTPSessionManager.m */; };
		819FAD021B81716000A77FF3 /* AFNetworkReachabilityManager.m in Sources */ = {isa = PBXBuildFile; fileRef = 819FACF41B81716000A77FF3 /* AFNetworkReachabilityManager.m */; };
		819FAD031B81716000A77FF3 /* AFSecurityPolicy.m in Sources */ = {isa = PBXBuildFile; fileRef = 819FACF61B81716000A77FF3 /* AFSecurityPolicy.m */; };
		819FAD041B81716000A77FF3 /* AFURLConnectionOperation.m in Sources */ = {isa = PBXBuildFile; fileRef = 819FACF81B81716000A77FF3 /* AFURLConnectionOperation.m */; };
		819FAD051B81716000A77FF3 /* AFURLRequestSerialization.m in Sources */ = {isa = PBXBuildFile; fileRef = 819FACFA1B81716000A77FF3 /* AFURLRequestSerialization.m */; };
		819FAD061B81716000A77FF3 /* AFURLResponseSerialization.m in Sources */ = {isa = PBXBuildFile; fileRef = 819FACFC1B81716000A77FF3 /* AFURLResponseSerialization.m */; };
		819FAD071B81716000A77FF3 /* AFURLSessionManager.m in Sources */ = {isa = PBXBuildFile; fileRef = 819FACFE1B81716000A77FF3 /* AFURLSessionManager.m */; };
		819FAD2A1B81716D00A77FF3 /* MKAnnotationView+WebCache.m in Sources */ = {isa = PBXBuildFile; fileRef = 819FAD0A1B81716D00A77FF3 /* MKAnnotationView+WebCache.m */; };
		819FAD2B1B81716D00A77FF3 /* NSData+ImageContentType.m in Sources */ = {isa = PBXBuildFile; fileRef = 819FAD0C1B81716D00A77FF3 /* NSData+ImageContentType.m */; };
		819FAD2C1B81716D00A77FF3 /* SDImageCache.m in Sources */ = {isa = PBXBuildFile; fileRef = 819FAD0E1B81716D00A77FF3 /* SDImageCache.m */; };
		819FAD2D1B81716D00A77FF3 /* SDWebImageCompat.m in Sources */ = {isa = PBXBuildFile; fileRef = 819FAD101B81716D00A77FF3 /* SDWebImageCompat.m */; };
		819FAD2E1B81716D00A77FF3 /* SDWebImageDecoder.m in Sources */ = {isa = PBXBuildFile; fileRef = 819FAD121B81716D00A77FF3 /* SDWebImageDecoder.m */; };
		819FAD2F1B81716D00A77FF3 /* SDWebImageDownloader.m in Sources */ = {isa = PBXBuildFile; fileRef = 819FAD141B81716D00A77FF3 /* SDWebImageDownloader.m */; };
		819FAD301B81716D00A77FF3 /* SDWebImageDownloaderOperation.m in Sources */ = {isa = PBXBuildFile; fileRef = 819FAD161B81716D00A77FF3 /* SDWebImageDownloaderOperation.m */; };
		819FAD311B81716D00A77FF3 /* SDWebImageManager.m in Sources */ = {isa = PBXBuildFile; fileRef = 819FAD181B81716D00A77FF3 /* SDWebImageManager.m */; };
		819FAD321B81716D00A77FF3 /* SDWebImagePrefetcher.m in Sources */ = {isa = PBXBuildFile; fileRef = 819FAD1B1B81716D00A77FF3 /* SDWebImagePrefetcher.m */; };
		819FAD331B81716D00A77FF3 /* UIButton+WebCache.m in Sources */ = {isa = PBXBuildFile; fileRef = 819FAD1D1B81716D00A77FF3 /* UIButton+WebCache.m */; };
		819FAD341B81716D00A77FF3 /* UIImage+GIF.m in Sources */ = {isa = PBXBuildFile; fileRef = 819FAD1F1B81716D00A77FF3 /* UIImage+GIF.m */; };
		819FAD351B81716D00A77FF3 /* UIImage+MultiFormat.m in Sources */ = {isa = PBXBuildFile; fileRef = 819FAD211B81716D00A77FF3 /* UIImage+MultiFormat.m */; };
		819FAD361B81716D00A77FF3 /* UIImage+WebP.m in Sources */ = {isa = PBXBuildFile; fileRef = 819FAD231B81716D00A77FF3 /* UIImage+WebP.m */; };
		819FAD371B81716D00A77FF3 /* UIImageView+HighlightedWebCache.m in Sources */ = {isa = PBXBuildFile; fileRef = 819FAD251B81716D00A77FF3 /* UIImageView+HighlightedWebCache.m */; };
		819FAD381B81716D00A77FF3 /* UIImageView+WebCache.m in Sources */ = {isa = PBXBuildFile; fileRef = 819FAD271B81716D00A77FF3 /* UIImageView+WebCache.m */; };
		819FAD391B81716D00A77FF3 /* UIView+WebCacheOperation.m in Sources */ = {isa = PBXBuildFile; fileRef = 819FAD291B81716D00A77FF3 /* UIView+WebCacheOperation.m */; };
/* End PBXBuildFile section */

/* Begin PBXContainerItemProxy section */
		810C62991B7EDA290055F93B /* PBXContainerItemProxy */ = {
			isa = PBXContainerItemProxy;
			containerPortal = 810C62771B7EDA280055F93B /* Project object */;
			proxyType = 1;
			remoteGlobalIDString = 810C627E1B7EDA280055F93B;
			remoteInfo = HealthyI;
		};
/* End PBXContainerItemProxy section */

/* Begin PBXFileReference section */
		810C627F1B7EDA290055F93B /* HealthyI.app */ = {isa = PBXFileReference; explicitFileType = wrapper.application; includeInIndex = 0; path = HealthyI.app; sourceTree = BUILT_PRODUCTS_DIR; };
		810C62831B7EDA290055F93B /* Info.plist */ = {isa = PBXFileReference; lastKnownFileType = text.plist.xml; path = Info.plist; sourceTree = "<group>"; };
		810C62841B7EDA290055F93B /* main.m */ = {isa = PBXFileReference; lastKnownFileType = sourcecode.c.objc; path = main.m; sourceTree = "<group>"; };
		810C62861B7EDA290055F93B /* AppDelegate.h */ = {isa = PBXFileReference; lastKnownFileType = sourcecode.c.h; path = AppDelegate.h; sourceTree = "<group>"; };
		810C628D1B7EDA290055F93B /* Base */ = {isa = PBXFileReference; lastKnownFileType = file.storyboard; name = Base; path = Base.lproj/Main.storyboard; sourceTree = "<group>"; };
		810C628F1B7EDA290055F93B /* Images.xcassets */ = {isa = PBXFileReference; lastKnownFileType = folder.assetcatalog; path = Images.xcassets; sourceTree = "<group>"; };
		810C62921B7EDA290055F93B /* Base */ = {isa = PBXFileReference; lastKnownFileType = file.xib; name = Base; path = Base.lproj/LaunchScreen.xib; sourceTree = "<group>"; };
		810C62981B7EDA290055F93B /* HealthyITests.xctest */ = {isa = PBXFileReference; explicitFileType = wrapper.cfbundle; includeInIndex = 0; path = HealthyITests.xctest; sourceTree = BUILT_PRODUCTS_DIR; };
		810C629D1B7EDA290055F93B /* Info.plist */ = {isa = PBXFileReference; lastKnownFileType = text.plist.xml; path = Info.plist; sourceTree = "<group>"; };
		810C629E1B7EDA290055F93B /* HealthyITests.m */ = {isa = PBXFileReference; lastKnownFileType = sourcecode.c.objc; path = HealthyITests.m; sourceTree = "<group>"; };
		810C62A81B7EDAD60055F93B /* LoginViewController.h */ = {isa = PBXFileReference; fileEncoding = 4; lastKnownFileType = sourcecode.c.h; path = LoginViewController.h; sourceTree = "<group>"; };
		810C62A91B7EDAD60055F93B /* LoginViewController.m */ = {isa = PBXFileReference; fileEncoding = 4; lastKnownFileType = sourcecode.c.objc; path = LoginViewController.m; sourceTree = "<group>"; };
		819FAB991B7F3A5700A77FF3 /* RegisterViewController.h */ = {isa = PBXFileReference; fileEncoding = 4; lastKnownFileType = sourcecode.c.h; path = RegisterViewController.h; sourceTree = "<group>"; };
		819FAB9A1B7F3A5700A77FF3 /* RegisterViewController.m */ = {isa = PBXFileReference; fileEncoding = 4; lastKnownFileType = sourcecode.c.objc; path = RegisterViewController.m; sourceTree = "<group>"; };
		819FAB9C1B7F449800A77FF3 /* AppDelegate.m */ = {isa = PBXFileReference; fileEncoding = 4; lastKnownFileType = sourcecode.c.objc; path = AppDelegate.m; sourceTree = "<group>"; };
		819FABA11B8067DD00A77FF3 /* UIScrollView+UITouch.h */ = {isa = PBXFileReference; fileEncoding = 4; lastKnownFileType = sourcecode.c.h; path = "UIScrollView+UITouch.h"; sourceTree = "<group>"; };
		819FABA21B8067DD00A77FF3 /* UIScrollView+UITouch.m */ = {isa = PBXFileReference; fileEncoding = 4; lastKnownFileType = sourcecode.c.objc; path = "UIScrollView+UITouch.m"; sourceTree = "<group>"; };
		819FACEC1B81716000A77FF3 /* AFHTTPRequestOperation.h */ = {isa = PBXFileReference; fileEncoding = 4; lastKnownFileType = sourcecode.c.h; path = AFHTTPRequestOperation.h; sourceTree = "<group>"; };
		819FACED1B81716000A77FF3 /* AFHTTPRequestOperation.m */ = {isa = PBXFileReference; fileEncoding = 4; lastKnownFileType = sourcecode.c.objc; path = AFHTTPRequestOperation.m; sourceTree = "<group>"; };
		819FACEE1B81716000A77FF3 /* AFHTTPRequestOperationManager.h */ = {isa = PBXFileReference; fileEncoding = 4; lastKnownFileType = sourcecode.c.h; path = AFHTTPRequestOperationManager.h; sourceTree = "<group>"; };
		819FACEF1B81716000A77FF3 /* AFHTTPRequestOperationManager.m */ = {isa = PBXFileReference; fileEncoding = 4; lastKnownFileType = sourcecode.c.objc; path = AFHTTPRequestOperationManager.m; sourceTree = "<group>"; };
		819FACF01B81716000A77FF3 /* AFHTTPSessionManager.h */ = {isa = PBXFileReference; fileEncoding = 4; lastKnownFileType = sourcecode.c.h; path = AFHTTPSessionManager.h; sourceTree = "<group>"; };
		819FACF11B81716000A77FF3 /* AFHTTPSessionManager.m */ = {isa = PBXFileReference; fileEncoding = 4; lastKnownFileType = sourcecode.c.objc; path = AFHTTPSessionManager.m; sourceTree = "<group>"; };
		819FACF21B81716000A77FF3 /* AFNetworking.h */ = {isa = PBXFileReference; fileEncoding = 4; lastKnownFileType = sourcecode.c.h; path = AFNetworking.h; sourceTree = "<group>"; };
		819FACF31B81716000A77FF3 /* AFNetworkReachabilityManager.h */ = {isa = PBXFileReference; fileEncoding = 4; lastKnownFileType = sourcecode.c.h; path = AFNetworkReachabilityManager.h; sourceTree = "<group>"; };
		819FACF41B81716000A77FF3 /* AFNetworkReachabilityManager.m */ = {isa = PBXFileReference; fileEncoding = 4; lastKnownFileType = sourcecode.c.objc; path = AFNetworkReachabilityManager.m; sourceTree = "<group>"; };
		819FACF51B81716000A77FF3 /* AFSecurityPolicy.h */ = {isa = PBXFileReference; fileEncoding = 4; lastKnownFileType = sourcecode.c.h; path = AFSecurityPolicy.h; sourceTree = "<group>"; };
		819FACF61B81716000A77FF3 /* AFSecurityPolicy.m */ = {isa = PBXFileReference; fileEncoding = 4; lastKnownFileType = sourcecode.c.objc; path = AFSecurityPolicy.m; sourceTree = "<group>"; };
		819FACF71B81716000A77FF3 /* AFURLConnectionOperation.h */ = {isa = PBXFileReference; fileEncoding = 4; lastKnownFileType = sourcecode.c.h; path = AFURLConnectionOperation.h; sourceTree = "<group>"; };
		819FACF81B81716000A77FF3 /* AFURLConnectionOperation.m */ = {isa = PBXFileReference; fileEncoding = 4; lastKnownFileType = sourcecode.c.objc; path = AFURLConnectionOperation.m; sourceTree = "<group>"; };
		819FACF91B81716000A77FF3 /* AFURLRequestSerialization.h */ = {isa = PBXFileReference; fileEncoding = 4; lastKnownFileType = sourcecode.c.h; path = AFURLRequestSerialization.h; sourceTree = "<group>"; };
		819FACFA1B81716000A77FF3 /* AFURLRequestSerialization.m */ = {isa = PBXFileReference; fileEncoding = 4; lastKnownFileType = sourcecode.c.objc; path = AFURLRequestSerialization.m; sourceTree = "<group>"; };
		819FACFB1B81716000A77FF3 /* AFURLResponseSerialization.h */ = {isa = PBXFileReference; fileEncoding = 4; lastKnownFileType = sourcecode.c.h; path = AFURLResponseSerialization.h; sourceTree = "<group>"; };
		819FACFC1B81716000A77FF3 /* AFURLResponseSerialization.m */ = {isa = PBXFileReference; fileEncoding = 4; lastKnownFileType = sourcecode.c.objc; path = AFURLResponseSerialization.m; sourceTree = "<group>"; };
		819FACFD1B81716000A77FF3 /* AFURLSessionManager.h */ = {isa = PBXFileReference; fileEncoding = 4; lastKnownFileType = sourcecode.c.h; path = AFURLSessionManager.h; sourceTree = "<group>"; };
		819FACFE1B81716000A77FF3 /* AFURLSessionManager.m */ = {isa = PBXFileReference; fileEncoding = 4; lastKnownFileType = sourcecode.c.objc; path = AFURLSessionManager.m; sourceTree = "<group>"; };
		819FAD091B81716D00A77FF3 /* MKAnnotationView+WebCache.h */ = {isa = PBXFileReference; fileEncoding = 4; lastKnownFileType = sourcecode.c.h; path = "MKAnnotationView+WebCache.h"; sourceTree = "<group>"; };
		819FAD0A1B81716D00A77FF3 /* MKAnnotationView+WebCache.m */ = {isa = PBXFileReference; fileEncoding = 4; lastKnownFileType = sourcecode.c.objc; path = "MKAnnotationView+WebCache.m"; sourceTree = "<group>"; };
		819FAD0B1B81716D00A77FF3 /* NSData+ImageContentType.h */ = {isa = PBXFileReference; fileEncoding = 4; lastKnownFileType = sourcecode.c.h; path = "NSData+ImageContentType.h"; sourceTree = "<group>"; };
		819FAD0C1B81716D00A77FF3 /* NSData+ImageContentType.m */ = {isa = PBXFileReference; fileEncoding = 4; lastKnownFileType = sourcecode.c.objc; path = "NSData+ImageContentType.m"; sourceTree = "<group>"; };
		819FAD0D1B81716D00A77FF3 /* SDImageCache.h */ = {isa = PBXFileReference; fileEncoding = 4; lastKnownFileType = sourcecode.c.h; path = SDImageCache.h; sourceTree = "<group>"; };
		819FAD0E1B81716D00A77FF3 /* SDImageCache.m */ = {isa = PBXFileReference; fileEncoding = 4; lastKnownFileType = sourcecode.c.objc; path = SDImageCache.m; sourceTree = "<group>"; };
		819FAD0F1B81716D00A77FF3 /* SDWebImageCompat.h */ = {isa = PBXFileReference; fileEncoding = 4; lastKnownFileType = sourcecode.c.h; path = SDWebImageCompat.h; sourceTree = "<group>"; };
		819FAD101B81716D00A77FF3 /* SDWebImageCompat.m */ = {isa = PBXFileReference; fileEncoding = 4; lastKnownFileType = sourcecode.c.objc; path = SDWebImageCompat.m; sourceTree = "<group>"; };
		819FAD111B81716D00A77FF3 /* SDWebImageDecoder.h */ = {isa = PBXFileReference; fileEncoding = 4; lastKnownFileType = sourcecode.c.h; path = SDWebImageDecoder.h; sourceTree = "<group>"; };
		819FAD121B81716D00A77FF3 /* SDWebImageDecoder.m */ = {isa = PBXFileReference; fileEncoding = 4; lastKnownFileType = sourcecode.c.objc; path = SDWebImageDecoder.m; sourceTree = "<group>"; };
		819FAD131B81716D00A77FF3 /* SDWebImageDownloader.h */ = {isa = PBXFileReference; fileEncoding = 4; lastKnownFileType = sourcecode.c.h; path = SDWebImageDownloader.h; sourceTree = "<group>"; };
		819FAD141B81716D00A77FF3 /* SDWebImageDownloader.m */ = {isa = PBXFileReference; fileEncoding = 4; lastKnownFileType = sourcecode.c.objc; path = SDWebImageDownloader.m; sourceTree = "<group>"; };
		819FAD151B81716D00A77FF3 /* SDWebImageDownloaderOperation.h */ = {isa = PBXFileReference; fileEncoding = 4; lastKnownFileType = sourcecode.c.h; path = SDWebImageDownloaderOperation.h; sourceTree = "<group>"; };
		819FAD161B81716D00A77FF3 /* SDWebImageDownloaderOperation.m */ = {isa = PBXFileReference; fileEncoding = 4; lastKnownFileType = sourcecode.c.objc; path = SDWebImageDownloaderOperation.m; sourceTree = "<group>"; };
		819FAD171B81716D00A77FF3 /* SDWebImageManager.h */ = {isa = PBXFileReference; fileEncoding = 4; lastKnownFileType = sourcecode.c.h; path = SDWebImageManager.h; sourceTree = "<group>"; };
		819FAD181B81716D00A77FF3 /* SDWebImageManager.m */ = {isa = PBXFileReference; fileEncoding = 4; lastKnownFileType = sourcecode.c.objc; path = SDWebImageManager.m; sourceTree = "<group>"; };
		819FAD191B81716D00A77FF3 /* SDWebImageOperation.h */ = {isa = PBXFileReference; fileEncoding = 4; lastKnownFileType = sourcecode.c.h; path = SDWebImageOperation.h; sourceTree = "<group>"; };
		819FAD1A1B81716D00A77FF3 /* SDWebImagePrefetcher.h */ = {isa = PBXFileReference; fileEncoding = 4; lastKnownFileType = sourcecode.c.h; path = SDWebImagePrefetcher.h; sourceTree = "<group>"; };
		819FAD1B1B81716D00A77FF3 /* SDWebImagePrefetcher.m */ = {isa = PBXFileReference; fileEncoding = 4; lastKnownFileType = sourcecode.c.objc; path = SDWebImagePrefetcher.m; sourceTree = "<group>"; };
		819FAD1C1B81716D00A77FF3 /* UIButton+WebCache.h */ = {isa = PBXFileReference; fileEncoding = 4; lastKnownFileType = sourcecode.c.h; path = "UIButton+WebCache.h"; sourceTree = "<group>"; };
		819FAD1D1B81716D00A77FF3 /* UIButton+WebCache.m */ = {isa = PBXFileReference; fileEncoding = 4; lastKnownFileType = sourcecode.c.objc; path = "UIButton+WebCache.m"; sourceTree = "<group>"; };
		819FAD1E1B81716D00A77FF3 /* UIImage+GIF.h */ = {isa = PBXFileReference; fileEncoding = 4; lastKnownFileType = sourcecode.c.h; path = "UIImage+GIF.h"; sourceTree = "<group>"; };
		819FAD1F1B81716D00A77FF3 /* UIImage+GIF.m */ = {isa = PBXFileReference; fileEncoding = 4; lastKnownFileType = sourcecode.c.objc; path = "UIImage+GIF.m"; sourceTree = "<group>"; };
		819FAD201B81716D00A77FF3 /* UIImage+MultiFormat.h */ = {isa = PBXFileReference; fileEncoding = 4; lastKnownFileType = sourcecode.c.h; path = "UIImage+MultiFormat.h"; sourceTree = "<group>"; };
		819FAD211B81716D00A77FF3 /* UIImage+MultiFormat.m */ = {isa = PBXFileReference; fileEncoding = 4; lastKnownFileType = sourcecode.c.objc; path = "UIImage+MultiFormat.m"; sourceTree = "<group>"; };
		819FAD221B81716D00A77FF3 /* UIImage+WebP.h */ = {isa = PBXFileReference; fileEncoding = 4; lastKnownFileType = sourcecode.c.h; path = "UIImage+WebP.h"; sourceTree = "<group>"; };
		819FAD231B81716D00A77FF3 /* UIImage+WebP.m */ = {isa = PBXFileReference; fileEncoding = 4; lastKnownFileType = sourcecode.c.objc; path = "UIImage+WebP.m"; sourceTree = "<group>"; };
		819FAD241B81716D00A77FF3 /* UIImageView+HighlightedWebCache.h */ = {isa = PBXFileReference; fileEncoding = 4; lastKnownFileType = sourcecode.c.h; path = "UIImageView+HighlightedWebCache.h"; sourceTree = "<group>"; };
		819FAD251B81716D00A77FF3 /* UIImageView+HighlightedWebCache.m */ = {isa = PBXFileReference; fileEncoding = 4; lastKnownFileType = sourcecode.c.objc; path = "UIImageView+HighlightedWebCache.m"; sourceTree = "<group>"; };
		819FAD261B81716D00A77FF3 /* UIImageView+WebCache.h */ = {isa = PBXFileReference; fileEncoding = 4; lastKnownFileType = sourcecode.c.h; path = "UIImageView+WebCache.h"; sourceTree = "<group>"; };
		819FAD271B81716D00A77FF3 /* UIImageView+WebCache.m */ = {isa = PBXFileReference; fileEncoding = 4; lastKnownFileType = sourcecode.c.objc; path = "UIImageView+WebCache.m"; sourceTree = "<group>"; };
		819FAD281B81716D00A77FF3 /* UIView+WebCacheOperation.h */ = {isa = PBXFileReference; fileEncoding = 4; lastKnownFileType = sourcecode.c.h; path = "UIView+WebCacheOperation.h"; sourceTree = "<group>"; };
		819FAD291B81716D00A77FF3 /* UIView+WebCacheOperation.m */ = {isa = PBXFileReference; fileEncoding = 4; lastKnownFileType = sourcecode.c.objc; path = "UIView+WebCacheOperation.m"; sourceTree = "<group>"; };
/* End PBXFileReference section */

/* Begin PBXFrameworksBuildPhase section */
		810C627C1B7EDA280055F93B /* Frameworks */ = {
			isa = PBXFrameworksBuildPhase;
			buildActionMask = 2147483647;
			files = (
			);
			runOnlyForDeploymentPostprocessing = 0;
		};
		810C62951B7EDA290055F93B /* Frameworks */ = {
			isa = PBXFrameworksBuildPhase;
			buildActionMask = 2147483647;
			files = (
			);
			runOnlyForDeploymentPostprocessing = 0;
		};
/* End PBXFrameworksBuildPhase section */

/* Begin PBXGroup section */
		810C62761B7EDA280055F93B = {
			isa = PBXGroup;
			children = (
				810C62811B7EDA290055F93B /* HealthyI */,
				810C629B1B7EDA290055F93B /* HealthyITests */,
				810C62801B7EDA290055F93B /* Products */,
			);
			sourceTree = "<group>";
		};
		810C62801B7EDA290055F93B /* Products */ = {
			isa = PBXGroup;
			children = (
				810C627F1B7EDA290055F93B /* HealthyI.app */,
				810C62981B7EDA290055F93B /* HealthyITests.xctest */,
			);
			name = Products;
			sourceTree = "<group>";
		};
		810C62811B7EDA290055F93B /* HealthyI */ = {
			isa = PBXGroup;
			children = (
				819FAD081B81716D00A77FF3 /* SDWebImage */,
				819FACEB1B81716000A77FF3 /* AFNetworking */,
				819FAB9C1B7F449800A77FF3 /* AppDelegate.m */,
				810C62861B7EDA290055F93B /* AppDelegate.h */,
				810C628C1B7EDA290055F93B /* Main.storyboard */,
				810C628F1B7EDA290055F93B /* Images.xcassets */,
				810C62911B7EDA290055F93B /* LaunchScreen.xib */,
				810C62821B7EDA290055F93B /* Supporting Files */,
				810C62A81B7EDAD60055F93B /* LoginViewController.h */,
				810C62A91B7EDAD60055F93B /* LoginViewController.m */,
				819FAB991B7F3A5700A77FF3 /* RegisterViewController.h */,
				819FAB9A1B7F3A5700A77FF3 /* RegisterViewController.m */,
				819FABA11B8067DD00A77FF3 /* UIScrollView+UITouch.h */,
				819FABA21B8067DD00A77FF3 /* UIScrollView+UITouch.m */,
			);
			path = HealthyI;
			sourceTree = "<group>";
		};
		810C62821B7EDA290055F93B /* Supporting Files */ = {
			isa = PBXGroup;
			children = (
				810C62831B7EDA290055F93B /* Info.plist */,
				810C62841B7EDA290055F93B /* main.m */,
			);
			name = "Supporting Files";
			sourceTree = "<group>";
		};
		810C629B1B7EDA290055F93B /* HealthyITests */ = {
			isa = PBXGroup;
			children = (
				810C629E1B7EDA290055F93B /* HealthyITests.m */,
				810C629C1B7EDA290055F93B /* Supporting Files */,
			);
			path = HealthyITests;
			sourceTree = "<group>";
		};
		810C629C1B7EDA290055F93B /* Supporting Files */ = {
			isa = PBXGroup;
			children = (
				810C629D1B7EDA290055F93B /* Info.plist */,
			);
			name = "Supporting Files";
			sourceTree = "<group>";
		};
		819FACEB1B81716000A77FF3 /* AFNetworking */ = {
			isa = PBXGroup;
			children = (
				819FACEC1B81716000A77FF3 /* AFHTTPRequestOperation.h */,
				819FACED1B81716000A77FF3 /* AFHTTPRequestOperation.m */,
				819FACEE1B81716000A77FF3 /* AFHTTPRequestOperationManager.h */,
				819FACEF1B81716000A77FF3 /* AFHTTPRequestOperationManager.m */,
				819FACF01B81716000A77FF3 /* AFHTTPSessionManager.h */,
				819FACF11B81716000A77FF3 /* AFHTTPSessionManager.m */,
				819FACF21B81716000A77FF3 /* AFNetworking.h */,
				819FACF31B81716000A77FF3 /* AFNetworkReachabilityManager.h */,
				819FACF41B81716000A77FF3 /* AFNetworkReachabilityManager.m */,
				819FACF51B81716000A77FF3 /* AFSecurityPolicy.h */,
				819FACF61B81716000A77FF3 /* AFSecurityPolicy.m */,
				819FACF71B81716000A77FF3 /* AFURLConnectionOperation.h */,
				819FACF81B81716000A77FF3 /* AFURLConnectionOperation.m */,
				819FACF91B81716000A77FF3 /* AFURLRequestSerialization.h */,
				819FACFA1B81716000A77FF3 /* AFURLRequestSerialization.m */,
				819FACFB1B81716000A77FF3 /* AFURLResponseSerialization.h */,
				819FACFC1B81716000A77FF3 /* AFURLResponseSerialization.m */,
				819FACFD1B81716000A77FF3 /* AFURLSessionManager.h */,
				819FACFE1B81716000A77FF3 /* AFURLSessionManager.m */,
			);
			path = AFNetworking;
			sourceTree = "<group>";
		};
		819FAD081B81716D00A77FF3 /* SDWebImage */ = {
			isa = PBXGroup;
			children = (
				819FAD091B81716D00A77FF3 /* MKAnnotationView+WebCache.h */,
				819FAD0A1B81716D00A77FF3 /* MKAnnotationView+WebCache.m */,
				819FAD0B1B81716D00A77FF3 /* NSData+ImageContentType.h */,
				819FAD0C1B81716D00A77FF3 /* NSData+ImageContentType.m */,
				819FAD0D1B81716D00A77FF3 /* SDImageCache.h */,
				819FAD0E1B81716D00A77FF3 /* SDImageCache.m */,
				819FAD0F1B81716D00A77FF3 /* SDWebImageCompat.h */,
				819FAD101B81716D00A77FF3 /* SDWebImageCompat.m */,
				819FAD111B81716D00A77FF3 /* SDWebImageDecoder.h */,
				819FAD121B81716D00A77FF3 /* SDWebImageDecoder.m */,
				819FAD131B81716D00A77FF3 /* SDWebImageDownloader.h */,
				819FAD141B81716D00A77FF3 /* SDWebImageDownloader.m */,
				819FAD151B81716D00A77FF3 /* SDWebImageDownloaderOperation.h */,
				819FAD161B81716D00A77FF3 /* SDWebImageDownloaderOperation.m */,
				819FAD171B81716D00A77FF3 /* SDWebImageManager.h */,
				819FAD181B81716D00A77FF3 /* SDWebImageManager.m */,
				819FAD191B81716D00A77FF3 /* SDWebImageOperation.h */,
				819FAD1A1B81716D00A77FF3 /* SDWebImagePrefetcher.h */,
				819FAD1B1B81716D00A77FF3 /* SDWebImagePrefetcher.m */,
				819FAD1C1B81716D00A77FF3 /* UIButton+WebCache.h */,
				819FAD1D1B81716D00A77FF3 /* UIButton+WebCache.m */,
				819FAD1E1B81716D00A77FF3 /* UIImage+GIF.h */,
				819FAD1F1B81716D00A77FF3 /* UIImage+GIF.m */,
				819FAD201B81716D00A77FF3 /* UIImage+MultiFormat.h */,
				819FAD211B81716D00A77FF3 /* UIImage+MultiFormat.m */,
				819FAD221B81716D00A77FF3 /* UIImage+WebP.h */,
				819FAD231B81716D00A77FF3 /* UIImage+WebP.m */,
				819FAD241B81716D00A77FF3 /* UIImageView+HighlightedWebCache.h */,
				819FAD251B81716D00A77FF3 /* UIImageView+HighlightedWebCache.m */,
				819FAD261B81716D00A77FF3 /* UIImageView+WebCache.h */,
				819FAD271B81716D00A77FF3 /* UIImageView+WebCache.m */,
				819FAD281B81716D00A77FF3 /* UIView+WebCacheOperation.h */,
				819FAD291B81716D00A77FF3 /* UIView+WebCacheOperation.m */,
			);
			path = SDWebImage;
			sourceTree = "<group>";
		};
/* End PBXGroup section */

/* Begin PBXNativeTarget section */
		810C627E1B7EDA280055F93B /* HealthyI */ = {
			isa = PBXNativeTarget;
			buildConfigurationList = 810C62A21B7EDA290055F93B /* Build configuration list for PBXNativeTarget "HealthyI" */;
			buildPhases = (
				810C627B1B7EDA280055F93B /* Sources */,
				810C627C1B7EDA280055F93B /* Frameworks */,
				810C627D1B7EDA280055F93B /* Resources */,
			);
			buildRules = (
			);
			dependencies = (
			);
			name = HealthyI;
			productName = HealthyI;
			productReference = 810C627F1B7EDA290055F93B /* HealthyI.app */;
			productType = "com.apple.product-type.application";
		};
		810C62971B7EDA290055F93B /* HealthyITests */ = {
			isa = PBXNativeTarget;
			buildConfigurationList = 810C62A51B7EDA290055F93B /* Build configuration list for PBXNativeTarget "HealthyITests" */;
			buildPhases = (
				810C62941B7EDA290055F93B /* Sources */,
				810C62951B7EDA290055F93B /* Frameworks */,
				810C62961B7EDA290055F93B /* Resources */,
			);
			buildRules = (
			);
			dependencies = (
				810C629A1B7EDA290055F93B /* PBXTargetDependency */,
			);
			name = HealthyITests;
			productName = HealthyITests;
			productReference = 810C62981B7EDA290055F93B /* HealthyITests.xctest */;
			productType = "com.apple.product-type.bundle.unit-test";
		};
/* End PBXNativeTarget section */

/* Begin PBXProject section */
		810C62771B7EDA280055F93B /* Project object */ = {
			isa = PBXProject;
			attributes = {
				LastUpgradeCheck = 0640;
				ORGANIZATIONNAME = com.code;
				TargetAttributes = {
					810C627E1B7EDA280055F93B = {
						CreatedOnToolsVersion = 6.4;
					};
					810C62971B7EDA290055F93B = {
						CreatedOnToolsVersion = 6.4;
						TestTargetID = 810C627E1B7EDA280055F93B;
					};
				};
			};
			buildConfigurationList = 810C627A1B7EDA280055F93B /* Build configuration list for PBXProject "HealthyI" */;
			compatibilityVersion = "Xcode 3.2";
			developmentRegion = English;
			hasScannedForEncodings = 0;
			knownRegions = (
				en,
				Base,
			);
			mainGroup = 810C62761B7EDA280055F93B;
			productRefGroup = 810C62801B7EDA290055F93B /* Products */;
			projectDirPath = "";
			projectRoot = "";
			targets = (
				810C627E1B7EDA280055F93B /* HealthyI */,
				810C62971B7EDA290055F93B /* HealthyITests */,
			);
		};
/* End PBXProject section */

/* Begin PBXResourcesBuildPhase section */
		810C627D1B7EDA280055F93B /* Resources */ = {
			isa = PBXResourcesBuildPhase;
			buildActionMask = 2147483647;
			files = (
				810C628E1B7EDA290055F93B /* Main.storyboard in Resources */,
				810C62931B7EDA290055F93B /* LaunchScreen.xib in Resources */,
				810C62901B7EDA290055F93B /* Images.xcassets in Resources */,
			);
			runOnlyForDeploymentPostprocessing = 0;
		};
		810C62961B7EDA290055F93B /* Resources */ = {
			isa = PBXResourcesBuildPhase;
			buildActionMask = 2147483647;
			files = (
			);
			runOnlyForDeploymentPostprocessing = 0;
		};
/* End PBXResourcesBuildPhase section */

/* Begin PBXSourcesBuildPhase section */
		810C627B1B7EDA280055F93B /* Sources */ = {
			isa = PBXSourcesBuildPhase;
			buildActionMask = 2147483647;
			files = (
				819FAD351B81716D00A77FF3 /* UIImage+MultiFormat.m in Sources */,
				819FAD361B81716D00A77FF3 /* UIImage+WebP.m in Sources */,
				819FAD041B81716000A77FF3 /* AFURLConnectionOperation.m in Sources */,
				819FAD311B81716D00A77FF3 /* SDWebImageManager.m in Sources */,
				819FACFF1B81716000A77FF3 /* AFHTTPRequestOperation.m in Sources */,
				819FAD021B81716000A77FF3 /* AFNetworkReachabilityManager.m in Sources */,
				819FAD071B81716000A77FF3 /* AFURLSessionManager.m in Sources */,
				819FAD2F1B81716D00A77FF3 /* SDWebImageDownloader.m in Sources */,
				819FAD051B81716000A77FF3 /* AFURLRequestSerialization.m in Sources */,
				819FAB9D1B7F449800A77FF3 /* AppDelegate.m in Sources */,
				819FAD061B81716000A77FF3 /* AFURLResponseSerialization.m in Sources */,
				810C62851B7EDA290055F93B /* main.m in Sources */,
				819FAD2A1B81716D00A77FF3 /* MKAnnotationView+WebCache.m in Sources */,
				810C62AA1B7EDAD60055F93B /* LoginViewController.m in Sources */,
				819FAD2B1B81716D00A77FF3 /* NSData+ImageContentType.m in Sources */,
				819FAD341B81716D00A77FF3 /* UIImage+GIF.m in Sources */,
				819FAD331B81716D00A77FF3 /* UIButton+WebCache.m in Sources */,
				819FAD001B81716000A77FF3 /* AFHTTPRequestOperationManager.m in Sources */,
				819FAD321B81716D00A77FF3 /* SDWebImagePrefetcher.m in Sources */,
				819FAD2E1B81716D00A77FF3 /* SDWebImageDecoder.m in Sources */,
				819FAD2C1B81716D00A77FF3 /* SDImageCache.m in Sources */,
				819FAD2D1B81716D00A77FF3 /* SDWebImageCompat.m in Sources */,
				819FAD391B81716D00A77FF3 /* UIView+WebCacheOperation.m in Sources */,
				819FAD031B81716000A77FF3 /* AFSecurityPolicy.m in Sources */,
				819FAB9B1B7F3A5700A77FF3 /* RegisterViewController.m in Sources */,
				819FAD301B81716D00A77FF3 /* SDWebImageDownloaderOperation.m in Sources */,
				819FABA31B8067DD00A77FF3 /* UIScrollView+UITouch.m in Sources */,
				819FAD381B81716D00A77FF3 /* UIImageView+WebCache.m in Sources */,
				819FAD371B81716D00A77FF3 /* UIImageView+HighlightedWebCache.m in Sources */,
				819FAD011B81716000A77FF3 /* AFHTTPSessionManager.m in Sources */,
			);
			runOnlyForDeploymentPostprocessing = 0;
		};
		810C62941B7EDA290055F93B /* Sources */ = {
			isa = PBXSourcesBuildPhase;
			buildActionMask = 2147483647;
			files = (
				810C629F1B7EDA290055F93B /* HealthyITests.m in Sources */,
			);
			runOnlyForDeploymentPostprocessing = 0;
		};
/* End PBXSourcesBuildPhase section */

/* Begin PBXTargetDependency section */
		810C629A1B7EDA290055F93B /* PBXTargetDependency */ = {
			isa = PBXTargetDependency;
			target = 810C627E1B7EDA280055F93B /* HealthyI */;
			targetProxy = 810C62991B7EDA290055F93B /* PBXContainerItemProxy */;
		};
/* End PBXTargetDependency section */

/* Begin PBXVariantGroup section */
		810C628C1B7EDA290055F93B /* Main.storyboard */ = {
			isa = PBXVariantGroup;
			children = (
				810C628D1B7EDA290055F93B /* Base */,
			);
			name = Main.storyboard;
			sourceTree = "<group>";
		};
		810C62911B7EDA290055F93B /* LaunchScreen.xib */ = {
			isa = PBXVariantGroup;
			children = (
				810C62921B7EDA290055F93B /* Base */,
			);
			name = LaunchScreen.xib;
			sourceTree = "<group>";
		};
/* End PBXVariantGroup section */

/* Begin XCBuildConfiguration section */
		810C62A01B7EDA290055F93B /* Debug */ = {
			isa = XCBuildConfiguration;
			buildSettings = {
				ALWAYS_SEARCH_USER_PATHS = NO;
				CLANG_CXX_LANGUAGE_STANDARD = "gnu++0x";
				CLANG_CXX_LIBRARY = "libc++";
				CLANG_ENABLE_MODULES = YES;
				CLANG_ENABLE_OBJC_ARC = YES;
				CLANG_WARN_BOOL_CONVERSION = YES;
				CLANG_WARN_CONSTANT_CONVERSION = YES;
				CLANG_WARN_DIRECT_OBJC_ISA_USAGE = YES_ERROR;
				CLANG_WARN_EMPTY_BODY = YES;
				CLANG_WARN_ENUM_CONVERSION = YES;
				CLANG_WARN_INT_CONVERSION = YES;
				CLANG_WARN_OBJC_ROOT_CLASS = YES_ERROR;
				CLANG_WARN_UNREACHABLE_CODE = YES;
				CLANG_WARN__DUPLICATE_METHOD_MATCH = YES;
				"CODE_SIGN_IDENTITY[sdk=iphoneos*]" = "iPhone Developer";
				COPY_PHASE_STRIP = NO;
				DEBUG_INFORMATION_FORMAT = "dwarf-with-dsym";
				ENABLE_STRICT_OBJC_MSGSEND = YES;
				GCC_C_LANGUAGE_STANDARD = gnu99;
				GCC_DYNAMIC_NO_PIC = NO;
				GCC_NO_COMMON_BLOCKS = YES;
				GCC_OPTIMIZATION_LEVEL = 0;
				GCC_PREPROCESSOR_DEFINITIONS = (
					"DEBUG=1",
					"$(inherited)",
				);
				GCC_SYMBOLS_PRIVATE_EXTERN = NO;
				GCC_WARN_64_TO_32_BIT_CONVERSION = YES;
				GCC_WARN_ABOUT_RETURN_TYPE = YES_ERROR;
				GCC_WARN_UNDECLARED_SELECTOR = YES;
				GCC_WARN_UNINITIALIZED_AUTOS = YES_AGGRESSIVE;
				GCC_WARN_UNUSED_FUNCTION = YES;
				GCC_WARN_UNUSED_VARIABLE = YES;
				IPHONEOS_DEPLOYMENT_TARGET = 8.4;
				MTL_ENABLE_DEBUG_INFO = YES;
				ONLY_ACTIVE_ARCH = YES;
				SDKROOT = iphoneos;
			};
			name = Debug;
		};
		810C62A11B7EDA290055F93B /* Release */ = {
			isa = XCBuildConfiguration;
			buildSettings = {
				ALWAYS_SEARCH_USER_PATHS = NO;
				CLANG_CXX_LANGUAGE_STANDARD = "gnu++0x";
				CLANG_CXX_LIBRARY = "libc++";
				CLANG_ENABLE_MODULES = YES;
				CLANG_ENABLE_OBJC_ARC = YES;
				CLANG_WARN_BOOL_CONVERSION = YES;
				CLANG_WARN_CONSTANT_CONVERSION = YES;
				CLANG_WARN_DIRECT_OBJC_ISA_USAGE = YES_ERROR;
				CLANG_WARN_EMPTY_BODY = YES;
				CLANG_WARN_ENUM_CONVERSION = YES;
				CLANG_WARN_INT_CONVERSION = YES;
				CLANG_WARN_OBJC_ROOT_CLASS = YES_ERROR;
				CLANG_WARN_UNREACHABLE_CODE = YES;
				CLANG_WARN__DUPLICATE_METHOD_MATCH = YES;
				"CODE_SIGN_IDENTITY[sdk=iphoneos*]" = "iPhone Developer";
				COPY_PHASE_STRIP = NO;
				DEBUG_INFORMATION_FORMAT = "dwarf-with-dsym";
				ENABLE_NS_ASSERTIONS = NO;
				ENABLE_STRICT_OBJC_MSGSEND = YES;
				GCC_C_LANGUAGE_STANDARD = gnu99;
				GCC_NO_COMMON_BLOCKS = YES;
				GCC_WARN_64_TO_32_BIT_CONVERSION = YES;
				GCC_WARN_ABOUT_RETURN_TYPE = YES_ERROR;
				GCC_WARN_UNDECLARED_SELECTOR = YES;
				GCC_WARN_UNINITIALIZED_AUTOS = YES_AGGRESSIVE;
				GCC_WARN_UNUSED_FUNCTION = YES;
				GCC_WARN_UNUSED_VARIABLE = YES;
				IPHONEOS_DEPLOYMENT_TARGET = 8.4;
				MTL_ENABLE_DEBUG_INFO = NO;
				SDKROOT = iphoneos;
				VALIDATE_PRODUCT = YES;
			};
			name = Release;
		};
		810C62A31B7EDA290055F93B /* Debug */ = {
			isa = XCBuildConfiguration;
			buildSettings = {
				ASSETCATALOG_COMPILER_APPICON_NAME = AppIcon;
				INFOPLIST_FILE = HealthyI/Info.plist;
				LD_RUNPATH_SEARCH_PATHS = "$(inherited) @executable_path/Frameworks";
				ONLY_ACTIVE_ARCH = YES;
				PRODUCT_NAME = "$(TARGET_NAME)";
			};
			name = Debug;
		};
		810C62A41B7EDA290055F93B /* Release */ = {
			isa = XCBuildConfiguration;
			buildSettings = {
				ASSETCATALOG_COMPILER_APPICON_NAME = AppIcon;
				INFOPLIST_FILE = HealthyI/Info.plist;
				LD_RUNPATH_SEARCH_PATHS = "$(inherited) @executable_path/Frameworks";
				PRODUCT_NAME = "$(TARGET_NAME)";
			};
			name = Release;
		};
		810C62A61B7EDA290055F93B /* Debug */ = {
			isa = XCBuildConfiguration;
			buildSettings = {
				BUNDLE_LOADER = "$(TEST_HOST)";
				FRAMEWORK_SEARCH_PATHS = (
					"$(SDKROOT)/Developer/Library/Frameworks",
					"$(inherited)",
				);
				GCC_PREPROCESSOR_DEFINITIONS = (
					"DEBUG=1",
					"$(inherited)",
				);
				INFOPLIST_FILE = HealthyITests/Info.plist;
				LD_RUNPATH_SEARCH_PATHS = "$(inherited) @executable_path/Frameworks @loader_path/Frameworks";
				PRODUCT_NAME = "$(TARGET_NAME)";
				TEST_HOST = "$(BUILT_PRODUCTS_DIR)/HealthyI.app/HealthyI";
			};
			name = Debug;
		};
		810C62A71B7EDA290055F93B /* Release */ = {
			isa = XCBuildConfiguration;
			buildSettings = {
				BUNDLE_LOADER = "$(TEST_HOST)";
				FRAMEWORK_SEARCH_PATHS = (
					"$(SDKROOT)/Developer/Library/Frameworks",
					"$(inherited)",
				);
				INFOPLIST_FILE = HealthyITests/Info.plist;
				LD_RUNPATH_SEARCH_PATHS = "$(inherited) @executable_path/Frameworks @loader_path/Frameworks";
				PRODUCT_NAME = "$(TARGET_NAME)";
				TEST_HOST = "$(BUILT_PRODUCTS_DIR)/HealthyI.app/HealthyI";
			};
			name = Release;
		};
/* End XCBuildConfiguration section */

/* Begin XCConfigurationList section */
		810C627A1B7EDA280055F93B /* Build configuration list for PBXProject "HealthyI" */ = {
			isa = XCConfigurationList;
			buildConfigurations = (
				810C62A01B7EDA290055F93B /* Debug */,
				810C62A11B7EDA290055F93B /* Release */,
			);
			defaultConfigurationIsVisible = 0;
			defaultConfigurationName = Release;
		};
		810C62A21B7EDA290055F93B /* Build configuration list for PBXNativeTarget "HealthyI" */ = {
			isa = XCConfigurationList;
			buildConfigurations = (
				810C62A31B7EDA290055F93B /* Debug */,
				810C62A41B7EDA290055F93B /* Release */,
			);
			defaultConfigurationIsVisible = 0;
			defaultConfigurationName = Release;
		};
		810C62A51B7EDA290055F93B /* Build configuration list for PBXNativeTarget "HealthyITests" */ = {
			isa = XCConfigurationList;
			buildConfigurations = (
				810C62A61B7EDA290055F93B /* Debug */,
				810C62A71B7EDA290055F93B /* Release */,
			);
			defaultConfigurationIsVisible = 0;
			defaultConfigurationName = Release;
		};
/* End XCConfigurationList section */
	};
	rootObject = 810C62771B7EDA280055F93B /* Project object */;
}
